
Microsoft Visual Studio Solution File, Format Version 12.00
# Visual Studio 15
VisualStudioVersion = 15.0.26430.16
MinimumVisualStudioVersion = 10.0.40219.1
Project("{FAE04EC0-301F-11D3-BF4B-00C04F79EFBC}") = "StaffManager.Android", "StaffManager\StaffManager.Android\StaffManager.Android.csproj", "{C1996577-C3C8-497B-91CA-81BA1DDD8343}"
EndProject
Project("{FAE04EC0-301F-11D3-BF4B-00C04F79EFBC}") = "StaffManager", "StaffManager\StaffManager\StaffManager.csproj", "{B1F448E4-2573-4F31-A74E-851F2814AD07}"
EndProject
Project("{FAE04EC0-301F-11D3-BF4B-00C04F79EFBC}") = "StaffManager.UWP", "StaffManager\StaffManager.UWP\StaffManager.UWP.csproj", "{A27C5F9F-78CE-4192-BD34-3D23C037C90A}"
EndProject
Project("{FAE04EC0-301F-11D3-BF4B-00C04F79EFBC}") = "StaffManager.iOS", "StaffManager\StaffManager.iOS\StaffManager.iOS.csproj", "{D7F02953-A2A4-47D5-82E0-E7FEC3A36667}"
EndProject
Project("{FAE04EC0-301F-11D3-BF4B-00C04F79EFBC}") = "StaffManagerTests", "StaffManagerTests\StaffManagerTests.csproj", "{BECB24BF-C7EA-478B-9EC9-DC9DF4947982}"
EndProject
Global
	GlobalSection(SolutionConfigurationPlatforms) = preSolution
		Ad-Hoc|Any CPU = Ad-Hoc|Any CPU
		Ad-Hoc|ARM = Ad-Hoc|ARM
		Ad-Hoc|iPhone = Ad-Hoc|iPhone
		Ad-Hoc|iPhoneSimulator = Ad-Hoc|iPhoneSimulator
		Ad-Hoc|x64 = Ad-Hoc|x64
		Ad-Hoc|x86 = Ad-Hoc|x86
		AppStore|Any CPU = AppStore|Any CPU
		AppStore|ARM = AppStore|ARM
		AppStore|iPhone = AppStore|iPhone
		AppStore|iPhoneSimulator = AppStore|iPhoneSimulator
		AppStore|x64 = AppStore|x64
		AppStore|x86 = AppStore|x86
		Debug|Any CPU = Debug|Any CPU
		Debug|ARM = Debug|ARM
		Debug|iPhone = Debug|iPhone
		Debug|iPhoneSimulator = Debug|iPhoneSimulator
		Debug|x64 = Debug|x64
		Debug|x86 = Debug|x86
		Release|Any CPU = Release|Any CPU
		Release|ARM = Release|ARM
		Release|iPhone = Release|iPhone
		Release|iPhoneSimulator = Release|iPhoneSimulator
		Release|x64 = Release|x64
		Release|x86 = Release|x86
	EndGlobalSection
	GlobalSection(ProjectConfigurationPlatforms) = postSolution
		{C1996577-C3C8-497B-91CA-81BA1DDD8343}.Ad-Hoc|Any CPU.ActiveCfg = Release|Any CPU
		{C1996577-C3C8-497B-91CA-81BA1DDD8343}.Ad-Hoc|Any CPU.Build.0 = Release|Any CPU
		{C1996577-C3C8-497B-91CA-81BA1DDD8343}.Ad-Hoc|Any CPU.Deploy.0 = Release|Any CPU
		{C1996577-C3C8-497B-91CA-81BA1DDD8343}.Ad-Hoc|ARM.ActiveCfg = Release|Any CPU
		{C1996577-C3C8-497B-91CA-81BA1DDD8343}.Ad-Hoc|ARM.Build.0 = Release|Any CPU
		{C1996577-C3C8-497B-91CA-81BA1DDD8343}.Ad-Hoc|ARM.Deploy.0 = Release|Any CPU
		{C1996577-C3C8-497B-91CA-81BA1DDD8343}.Ad-Hoc|iPhone.ActiveCfg = Release|Any CPU
		{C1996577-C3C8-497B-91CA-81BA1DDD8343}.Ad-Hoc|iPhone.Build.0 = Release|Any CPU
		{C1996577-C3C8-497B-91CA-81BA1DDD8343}.Ad-Hoc|iPhone.Deploy.0 = Release|Any CPU
		{C1996577-C3C8-497B-91CA-81BA1DDD8343}.Ad-Hoc|iPhoneSimulator.ActiveCfg = Release|Any CPU
		{C1996577-C3C8-497B-91CA-81BA1DDD8343}.Ad-Hoc|iPhoneSimulator.Build.0 = Release|Any CPU
		{C1996577-C3C8-497B-91CA-81BA1DDD8343}.Ad-Hoc|iPhoneSimulator.Deploy.0 = Release|Any CPU
		{C1996577-C3C8-497B-91CA-81BA1DDD8343}.Ad-Hoc|x64.ActiveCfg = Release|Any CPU
		{C1996577-C3C8-497B-91CA-81BA1DDD8343}.Ad-Hoc|x64.Build.0 = Release|Any CPU
		{C1996577-C3C8-497B-91CA-81BA1DDD8343}.Ad-Hoc|x64.Deploy.0 = Release|Any CPU
		{C1996577-C3C8-497B-91CA-81BA1DDD8343}.Ad-Hoc|x86.ActiveCfg = Release|Any CPU
		{C1996577-C3C8-497B-91CA-81BA1DDD8343}.Ad-Hoc|x86.Build.0 = Release|Any CPU
		{C1996577-C3C8-497B-91CA-81BA1DDD8343}.Ad-Hoc|x86.Deploy.0 = Release|Any CPU
		{C1996577-C3C8-497B-91CA-81BA1DDD8343}.AppStore|Any CPU.ActiveCfg = Release|Any CPU
		{C1996577-C3C8-497B-91CA-81BA1DDD8343}.AppStore|Any CPU.Build.0 = Release|Any CPU
		{C1996577-C3C8-497B-91CA-81BA1DDD8343}.AppStore|Any CPU.Deploy.0 = Release|Any CPU
		{C1996577-C3C8-497B-91CA-81BA1DDD8343}.AppStore|ARM.ActiveCfg = Release|Any CPU
		{C1996577-C3C8-497B-91CA-81BA1DDD8343}.AppStore|ARM.Build.0 = Release|Any CPU
		{C1996577-C3C8-497B-91CA-81BA1DDD8343}.AppStore|ARM.Deploy.0 = Release|Any CPU
		{C1996577-C3C8-497B-91CA-81BA1DDD8343}.AppStore|iPhone.ActiveCfg = Release|Any CPU
		{C1996577-C3C8-497B-91CA-81BA1DDD8343}.AppStore|iPhone.Build.0 = Release|Any CPU
		{C1996577-C3C8-497B-91CA-81BA1DDD8343}.AppStore|iPhone.Deploy.0 = Release|Any CPU
		{C1996577-C3C8-497B-91CA-81BA1DDD8343}.AppStore|iPhoneSimulator.ActiveCfg = Release|Any CPU
		{C1996577-C3C8-497B-91CA-81BA1DDD8343}.AppStore|iPhoneSimulator.Build.0 = Release|Any CPU
		{C1996577-C3C8-497B-91CA-81BA1DDD8343}.AppStore|iPhoneSimulator.Deploy.0 = Release|Any CPU
		{C1996577-C3C8-497B-91CA-81BA1DDD8343}.AppStore|x64.ActiveCfg = Release|Any CPU
		{C1996577-C3C8-497B-91CA-81BA1DDD8343}.AppStore|x64.Build.0 = Release|Any CPU
		{C1996577-C3C8-497B-91CA-81BA1DDD8343}.AppStore|x64.Deploy.0 = Release|Any CPU
		{C1996577-C3C8-497B-91CA-81BA1DDD8343}.AppStore|x86.ActiveCfg = Release|Any CPU
		{C1996577-C3C8-497B-91CA-81BA1DDD8343}.AppStore|x86.Build.0 = Release|Any CPU
		{C1996577-C3C8-497B-91CA-81BA1DDD8343}.AppStore|x86.Deploy.0 = Release|Any CPU
		{C1996577-C3C8-497B-91CA-81BA1DDD8343}.Debug|Any CPU.ActiveCfg = Debug|Any CPU
		{C1996577-C3C8-497B-91CA-81BA1DDD8343}.Debug|Any CPU.Build.0 = Debug|Any CPU
		{C1996577-C3C8-497B-91CA-81BA1DDD8343}.Debug|Any CPU.Deploy.0 = Debug|Any CPU
		{C1996577-C3C8-497B-91CA-81BA1DDD8343}.Debug|ARM.ActiveCfg = Debug|Any CPU
		{C1996577-C3C8-497B-91CA-81BA1DDD8343}.Debug|ARM.Build.0 = Debug|Any CPU
		{C1996577-C3C8-497B-91CA-81BA1DDD8343}.Debug|ARM.Deploy.0 = Debug|Any CPU
		{C1996577-C3C8-497B-91CA-81BA1DDD8343}.Debug|iPhone.ActiveCfg = Debug|Any CPU
		{C1996577-C3C8-497B-91CA-81BA1DDD8343}.Debug|iPhone.Build.0 = Debug|Any CPU
		{C1996577-C3C8-497B-91CA-81BA1DDD8343}.Debug|iPhone.Deploy.0 = Debug|Any CPU
		{C1996577-C3C8-497B-91CA-81BA1DDD8343}.Debug|iPhoneSimulator.ActiveCfg = Debug|Any CPU
		{C1996577-C3C8-497B-91CA-81BA1DDD8343}.Debug|iPhoneSimulator.Build.0 = Debug|Any CPU
		{C1996577-C3C8-497B-91CA-81BA1DDD8343}.Debug|iPhoneSimulator.Deploy.0 = Debug|Any CPU
		{C1996577-C3C8-497B-91CA-81BA1DDD8343}.Debug|x64.ActiveCfg = Debug|Any CPU
		{C1996577-C3C8-497B-91CA-81BA1DDD8343}.Debug|x64.Build.0 = Debug|Any CPU
		{C1996577-C3C8-497B-91CA-81BA1DDD8343}.Debug|x64.Deploy.0 = Debug|Any CPU
		{C1996577-C3C8-497B-91CA-81BA1DDD8343}.Debug|x86.ActiveCfg = Debug|Any CPU
		{C1996577-C3C8-497B-91CA-81BA1DDD8343}.Debug|x86.Build.0 = Debug|Any CPU
		{C1996577-C3C8-497B-91CA-81BA1DDD8343}.Debug|x86.Deploy.0 = Debug|Any CPU
		{C1996577-C3C8-497B-91CA-81BA1DDD8343}.Release|Any CPU.ActiveCfg = Release|Any CPU
		{C1996577-C3C8-497B-91CA-81BA1DDD8343}.Release|Any CPU.Build.0 = Release|Any CPU
		{C1996577-C3C8-497B-91CA-81BA1DDD8343}.Release|Any CPU.Deploy.0 = Release|Any CPU
		{C1996577-C3C8-497B-91CA-81BA1DDD8343}.Release|ARM.ActiveCfg = Release|Any CPU
		{C1996577-C3C8-497B-91CA-81BA1DDD8343}.Release|ARM.Build.0 = Release|Any CPU
		{C1996577-C3C8-497B-91CA-81BA1DDD8343}.Release|ARM.Deploy.0 = Release|Any CPU
		{C1996577-C3C8-497B-91CA-81BA1DDD8343}.Release|iPhone.ActiveCfg = Release|Any CPU
		{C1996577-C3C8-497B-91CA-81BA1DDD8343}.Release|iPhone.Build.0 = Release|Any CPU
		{C1996577-C3C8-497B-91CA-81BA1DDD8343}.Release|iPhone.Deploy.0 = Release|Any CPU
		{C1996577-C3C8-497B-91CA-81BA1DDD8343}.Release|iPhoneSimulator.ActiveCfg = Release|Any CPU
		{C1996577-C3C8-497B-91CA-81BA1DDD8343}.Release|iPhoneSimulator.Build.0 = Release|Any CPU
		{C1996577-C3C8-497B-91CA-81BA1DDD8343}.Release|iPhoneSimulator.Deploy.0 = Release|Any CPU
		{C1996577-C3C8-497B-91CA-81BA1DDD8343}.Release|x64.ActiveCfg = Release|Any CPU
		{C1996577-C3C8-497B-91CA-81BA1DDD8343}.Release|x64.Build.0 = Release|Any CPU
		{C1996577-C3C8-497B-91CA-81BA1DDD8343}.Release|x64.Deploy.0 = Release|Any CPU
		{C1996577-C3C8-497B-91CA-81BA1DDD8343}.Release|x86.ActiveCfg = Release|Any CPU
		{C1996577-C3C8-497B-91CA-81BA1DDD8343}.Release|x86.Build.0 = Release|Any CPU
		{C1996577-C3C8-497B-91CA-81BA1DDD8343}.Release|x86.Deploy.0 = Release|Any CPU
		{B1F448E4-2573-4F31-A74E-851F2814AD07}.Ad-Hoc|Any CPU.ActiveCfg = Release|Any CPU
		{B1F448E4-2573-4F31-A74E-851F2814AD07}.Ad-Hoc|Any CPU.Build.0 = Release|Any CPU
		{B1F448E4-2573-4F31-A74E-851F2814AD07}.Ad-Hoc|ARM.ActiveCfg = Release|Any CPU
		{B1F448E4-2573-4F31-A74E-851F2814AD07}.Ad-Hoc|ARM.Build.0 = Release|Any CPU
		{B1F448E4-2573-4F31-A74E-851F2814AD07}.Ad-Hoc|iPhone.ActiveCfg = Release|Any CPU
		{B1F448E4-2573-4F31-A74E-851F2814AD07}.Ad-Hoc|iPhone.Build.0 = Release|Any CPU
		{B1F448E4-2573-4F31-A74E-851F2814AD07}.Ad-Hoc|iPhoneSimulator.ActiveCfg = Release|Any CPU
		{B1F448E4-2573-4F31-A74E-851F2814AD07}.Ad-Hoc|iPhoneSimulator.Build.0 = Release|Any CPU
		{B1F448E4-2573-4F31-A74E-851F2814AD07}.Ad-Hoc|x64.ActiveCfg = Release|Any CPU
		{B1F448E4-2573-4F31-A74E-851F2814AD07}.Ad-Hoc|x64.Build.0 = Release|Any CPU
		{B1F448E4-2573-4F31-A74E-851F2814AD07}.Ad-Hoc|x86.ActiveCfg = Release|Any CPU
		{B1F448E4-2573-4F31-A74E-851F2814AD07}.Ad-Hoc|x86.Build.0 = Release|Any CPU
		{B1F448E4-2573-4F31-A74E-851F2814AD07}.AppStore|Any CPU.ActiveCfg = Release|Any CPU
		{B1F448E4-2573-4F31-A74E-851F2814AD07}.AppStore|Any CPU.Build.0 = Release|Any CPU
		{B1F448E4-2573-4F31-A74E-851F2814AD07}.AppStore|ARM.ActiveCfg = Release|Any CPU
		{B1F448E4-2573-4F31-A74E-851F2814AD07}.AppStore|ARM.Build.0 = Release|Any CPU
		{B1F448E4-2573-4F31-A74E-851F2814AD07}.AppStore|iPhone.ActiveCfg = Release|Any CPU
		{B1F448E4-2573-4F31-A74E-851F2814AD07}.AppStore|iPhone.Build.0 = Release|Any CPU
		{B1F448E4-2573-4F31-A74E-851F2814AD07}.AppStore|iPhoneSimulator.ActiveCfg = Release|Any CPU
		{B1F448E4-2573-4F31-A74E-851F2814AD07}.AppStore|iPhoneSimulator.Build.0 = Release|Any CPU
		{B1F448E4-2573-4F31-A74E-851F2814AD07}.AppStore|x64.ActiveCfg = Release|Any CPU
		{B1F448E4-2573-4F31-A74E-851F2814AD07}.AppStore|x64.Build.0 = Release|Any CPU
		{B1F448E4-2573-4F31-A74E-851F2814AD07}.AppStore|x86.ActiveCfg = Release|Any CPU
		{B1F448E4-2573-4F31-A74E-851F2814AD07}.AppStore|x86.Build.0 = Release|Any CPU
		{B1F448E4-2573-4F31-A74E-851F2814AD07}.Debug|Any CPU.ActiveCfg = Debug|Any CPU
		{B1F448E4-2573-4F31-A74E-851F2814AD07}.Debug|Any CPU.Build.0 = Debug|Any CPU
		{B1F448E4-2573-4F31-A74E-851F2814AD07}.Debug|ARM.ActiveCfg = Debug|Any CPU
		{B1F448E4-2573-4F31-A74E-851F2814AD07}.Debug|ARM.Build.0 = Debug|Any CPU
		{B1F448E4-2573-4F31-A74E-851F2814AD07}.Debug|iPhone.ActiveCfg = Debug|Any CPU
		{B1F448E4-2573-4F31-A74E-851F2814AD07}.Debug|iPhone.Build.0 = Debug|Any CPU
		{B1F448E4-2573-4F31-A74E-851F2814AD07}.Debug|iPhoneSimulator.ActiveCfg = Debug|Any CPU
		{B1F448E4-2573-4F31-A74E-851F2814AD07}.Debug|iPhoneSimulator.Build.0 = Debug|Any CPU
		{B1F448E4-2573-4F31-A74E-851F2814AD07}.Debug|x64.ActiveCfg = Debug|Any CPU
		{B1F448E4-2573-4F31-A74E-851F2814AD07}.Debug|x64.Build.0 = Debug|Any CPU
		{B1F448E4-2573-4F31-A74E-851F2814AD07}.Debug|x86.ActiveCfg = Debug|Any CPU
		{B1F448E4-2573-4F31-A74E-851F2814AD07}.Debug|x86.Build.0 = Debug|Any CPU
		{B1F448E4-2573-4F31-A74E-851F2814AD07}.Release|Any CPU.ActiveCfg = Release|Any CPU
		{B1F448E4-2573-4F31-A74E-851F2814AD07}.Release|Any CPU.Build.0 = Release|Any CPU
		{B1F448E4-2573-4F31-A74E-851F2814AD07}.Release|ARM.ActiveCfg = Release|Any CPU
		{B1F448E4-2573-4F31-A74E-851F2814AD07}.Release|ARM.Build.0 = Release|Any CPU
		{B1F448E4-2573-4F31-A74E-851F2814AD07}.Release|iPhone.ActiveCfg = Release|Any CPU
		{B1F448E4-2573-4F31-A74E-851F2814AD07}.Release|iPhone.Build.0 = Release|Any CPU
		{B1F448E4-2573-4F31-A74E-851F2814AD07}.Release|iPhoneSimulator.ActiveCfg = Release|Any CPU
		{B1F448E4-2573-4F31-A74E-851F2814AD07}.Release|iPhoneSimulator.Build.0 = Release|Any CPU
		{B1F448E4-2573-4F31-A74E-851F2814AD07}.Release|x64.ActiveCfg = Release|Any CPU
		{B1F448E4-2573-4F31-A74E-851F2814AD07}.Release|x64.Build.0 = Release|Any CPU
		{B1F448E4-2573-4F31-A74E-851F2814AD07}.Release|x86.ActiveCfg = Release|Any CPU
		{B1F448E4-2573-4F31-A74E-851F2814AD07}.Release|x86.Build.0 = Release|Any CPU
		{A27C5F9F-78CE-4192-BD34-3D23C037C90A}.Ad-Hoc|Any CPU.ActiveCfg = Release|x86
		{A27C5F9F-78CE-4192-BD34-3D23C037C90A}.Ad-Hoc|Any CPU.Build.0 = Release|x86
		{A27C5F9F-78CE-4192-BD34-3D23C037C90A}.Ad-Hoc|Any CPU.Deploy.0 = Release|x86
		{A27C5F9F-78CE-4192-BD34-3D23C037C90A}.Ad-Hoc|ARM.ActiveCfg = Release|ARM
		{A27C5F9F-78CE-4192-BD34-3D23C037C90A}.Ad-Hoc|ARM.Build.0 = Release|ARM
		{A27C5F9F-78CE-4192-BD34-3D23C037C90A}.Ad-Hoc|ARM.Deploy.0 = Release|ARM
		{A27C5F9F-78CE-4192-BD34-3D23C037C90A}.Ad-Hoc|iPhone.ActiveCfg = Release|x86
		{A27C5F9F-78CE-4192-BD34-3D23C037C90A}.Ad-Hoc|iPhone.Build.0 = Release|x86
		{A27C5F9F-78CE-4192-BD34-3D23C037C90A}.Ad-Hoc|iPhone.Deploy.0 = Release|x86
		{A27C5F9F-78CE-4192-BD34-3D23C037C90A}.Ad-Hoc|iPhoneSimulator.ActiveCfg = Release|x86
		{A27C5F9F-78CE-4192-BD34-3D23C037C90A}.Ad-Hoc|iPhoneSimulator.Build.0 = Release|x86
		{A27C5F9F-78CE-4192-BD34-3D23C037C90A}.Ad-Hoc|iPhoneSimulator.Deploy.0 = Release|x86
		{A27C5F9F-78CE-4192-BD34-3D23C037C90A}.Ad-Hoc|x64.ActiveCfg = Release|x64
		{A27C5F9F-78CE-4192-BD34-3D23C037C90A}.Ad-Hoc|x64.Build.0 = Release|x64
		{A27C5F9F-78CE-4192-BD34-3D23C037C90A}.Ad-Hoc|x64.Deploy.0 = Release|x64
		{A27C5F9F-78CE-4192-BD34-3D23C037C90A}.Ad-Hoc|x86.ActiveCfg = Release|x86
		{A27C5F9F-78CE-4192-BD34-3D23C037C90A}.Ad-Hoc|x86.Build.0 = Release|x86
		{A27C5F9F-78CE-4192-BD34-3D23C037C90A}.Ad-Hoc|x86.Deploy.0 = Release|x86
		{A27C5F9F-78CE-4192-BD34-3D23C037C90A}.AppStore|Any CPU.ActiveCfg = Release|x86
		{A27C5F9F-78CE-4192-BD34-3D23C037C90A}.AppStore|Any CPU.Build.0 = Release|x86
		{A27C5F9F-78CE-4192-BD34-3D23C037C90A}.AppStore|Any CPU.Deploy.0 = Release|x86
		{A27C5F9F-78CE-4192-BD34-3D23C037C90A}.AppStore|ARM.ActiveCfg = Release|ARM
		{A27C5F9F-78CE-4192-BD34-3D23C037C90A}.AppStore|ARM.Build.0 = Release|ARM
		{A27C5F9F-78CE-4192-BD34-3D23C037C90A}.AppStore|ARM.Deploy.0 = Release|ARM
		{A27C5F9F-78CE-4192-BD34-3D23C037C90A}.AppStore|iPhone.ActiveCfg = Release|x86
		{A27C5F9F-78CE-4192-BD34-3D23C037C90A}.AppStore|iPhone.Build.0 = Release|x86
		{A27C5F9F-78CE-4192-BD34-3D23C037C90A}.AppStore|iPhone.Deploy.0 = Release|x86
		{A27C5F9F-78CE-4192-BD34-3D23C037C90A}.AppStore|iPhoneSimulator.ActiveCfg = Release|x86
		{A27C5F9F-78CE-4192-BD34-3D23C037C90A}.AppStore|iPhoneSimulator.Build.0 = Release|x86
		{A27C5F9F-78CE-4192-BD34-3D23C037C90A}.AppStore|iPhoneSimulator.Deploy.0 = Release|x86
		{A27C5F9F-78CE-4192-BD34-3D23C037C90A}.AppStore|x64.ActiveCfg = Release|x64
		{A27C5F9F-78CE-4192-BD34-3D23C037C90A}.AppStore|x64.Build.0 = Release|x64
		{A27C5F9F-78CE-4192-BD34-3D23C037C90A}.AppStore|x64.Deploy.0 = Release|x64
		{A27C5F9F-78CE-4192-BD34-3D23C037C90A}.AppStore|x86.ActiveCfg = Release|x86
		{A27C5F9F-78CE-4192-BD34-3D23C037C90A}.AppStore|x86.Build.0 = Release|x86
		{A27C5F9F-78CE-4192-BD34-3D23C037C90A}.AppStore|x86.Deploy.0 = Release|x86
		{A27C5F9F-78CE-4192-BD34-3D23C037C90A}.Debug|Any CPU.ActiveCfg = Debug|x86
		{A27C5F9F-78CE-4192-BD34-3D23C037C90A}.Debug|ARM.ActiveCfg = Debug|ARM
		{A27C5F9F-78CE-4192-BD34-3D23C037C90A}.Debug|ARM.Build.0 = Debug|ARM
		{A27C5F9F-78CE-4192-BD34-3D23C037C90A}.Debug|ARM.Deploy.0 = Debug|ARM
		{A27C5F9F-78CE-4192-BD34-3D23C037C90A}.Debug|iPhone.ActiveCfg = Debug|x86
		{A27C5F9F-78CE-4192-BD34-3D23C037C90A}.Debug|iPhoneSimulator.ActiveCfg = Debug|x86
		{A27C5F9F-78CE-4192-BD34-3D23C037C90A}.Debug|x64.ActiveCfg = Debug|x64
		{A27C5F9F-78CE-4192-BD34-3D23C037C90A}.Debug|x64.Build.0 = Debug|x64
		{A27C5F9F-78CE-4192-BD34-3D23C037C90A}.Debug|x64.Deploy.0 = Debug|x64
		{A27C5F9F-78CE-4192-BD34-3D23C037C90A}.Debug|x86.ActiveCfg = Debug|x86
		{A27C5F9F-78CE-4192-BD34-3D23C037C90A}.Debug|x86.Build.0 = Debug|x86
		{A27C5F9F-78CE-4192-BD34-3D23C037C90A}.Debug|x86.Deploy.0 = Debug|x86
		{A27C5F9F-78CE-4192-BD34-3D23C037C90A}.Release|Any CPU.ActiveCfg = Release|x86
		{A27C5F9F-78CE-4192-BD34-3D23C037C90A}.Release|ARM.ActiveCfg = Release|ARM
		{A27C5F9F-78CE-4192-BD34-3D23C037C90A}.Release|ARM.Build.0 = Release|ARM
		{A27C5F9F-78CE-4192-BD34-3D23C037C90A}.Release|ARM.Deploy.0 = Release|ARM
		{A27C5F9F-78CE-4192-BD34-3D23C037C90A}.Release|iPhone.ActiveCfg = Release|x86
		{A27C5F9F-78CE-4192-BD34-3D23C037C90A}.Release|iPhoneSimulator.ActiveCfg = Release|x86
		{A27C5F9F-78CE-4192-BD34-3D23C037C90A}.Release|x64.ActiveCfg = Release|x64
		{A27C5F9F-78CE-4192-BD34-3D23C037C90A}.Release|x64.Build.0 = Release|x64
		{A27C5F9F-78CE-4192-BD34-3D23C037C90A}.Release|x64.Deploy.0 = Release|x64
		{A27C5F9F-78CE-4192-BD34-3D23C037C90A}.Release|x86.ActiveCfg = Release|x86
		{A27C5F9F-78CE-4192-BD34-3D23C037C90A}.Release|x86.Build.0 = Release|x86
		{A27C5F9F-78CE-4192-BD34-3D23C037C90A}.Release|x86.Deploy.0 = Release|x86
		{D7F02953-A2A4-47D5-82E0-E7FEC3A36667}.Ad-Hoc|Any CPU.ActiveCfg = Ad-Hoc|iPhone
		{D7F02953-A2A4-47D5-82E0-E7FEC3A36667}.Ad-Hoc|ARM.ActiveCfg = Ad-Hoc|iPhone
		{D7F02953-A2A4-47D5-82E0-E7FEC3A36667}.Ad-Hoc|iPhone.ActiveCfg = Ad-Hoc|iPhone
		{D7F02953-A2A4-47D5-82E0-E7FEC3A36667}.Ad-Hoc|iPhone.Build.0 = Ad-Hoc|iPhone
		{D7F02953-A2A4-47D5-82E0-E7FEC3A36667}.Ad-Hoc|iPhoneSimulator.ActiveCfg = Ad-Hoc|iPhoneSimulator
		{D7F02953-A2A4-47D5-82E0-E7FEC3A36667}.Ad-Hoc|iPhoneSimulator.Build.0 = Ad-Hoc|iPhoneSimulator
		{D7F02953-A2A4-47D5-82E0-E7FEC3A36667}.Ad-Hoc|x64.ActiveCfg = Ad-Hoc|iPhone
		{D7F02953-A2A4-47D5-82E0-E7FEC3A36667}.Ad-Hoc|x86.ActiveCfg = Ad-Hoc|iPhone
		{D7F02953-A2A4-47D5-82E0-E7FEC3A36667}.AppStore|Any CPU.ActiveCfg = AppStore|iPhone
		{D7F02953-A2A4-47D5-82E0-E7FEC3A36667}.AppStore|ARM.ActiveCfg = AppStore|iPhone
		{D7F02953-A2A4-47D5-82E0-E7FEC3A36667}.AppStore|iPhone.ActiveCfg = AppStore|iPhone
		{D7F02953-A2A4-47D5-82E0-E7FEC3A36667}.AppStore|iPhone.Build.0 = AppStore|iPhone
		{D7F02953-A2A4-47D5-82E0-E7FEC3A36667}.AppStore|iPhoneSimulator.ActiveCfg = AppStore|iPhoneSimulator
		{D7F02953-A2A4-47D5-82E0-E7FEC3A36667}.AppStore|iPhoneSimulator.Build.0 = AppStore|iPhoneSimulator
		{D7F02953-A2A4-47D5-82E0-E7FEC3A36667}.AppStore|x64.ActiveCfg = AppStore|iPhone
		{D7F02953-A2A4-47D5-82E0-E7FEC3A36667}.AppStore|x86.ActiveCfg = AppStore|iPhone
		{D7F02953-A2A4-47D5-82E0-E7FEC3A36667}.Debug|Any CPU.ActiveCfg = Debug|iPhone
		{D7F02953-A2A4-47D5-82E0-E7FEC3A36667}.Debug|ARM.ActiveCfg = Debug|iPhone
		{D7F02953-A2A4-47D5-82E0-E7FEC3A36667}.Debug|iPhone.ActiveCfg = Debug|iPhone
		{D7F02953-A2A4-47D5-82E0-E7FEC3A36667}.Debug|iPhone.Build.0 = Debug|iPhone
		{D7F02953-A2A4-47D5-82E0-E7FEC3A36667}.Debug|iPhoneSimulator.ActiveCfg = Debug|iPhoneSimulator
		{D7F02953-A2A4-47D5-82E0-E7FEC3A36667}.Debug|iPhoneSimulator.Build.0 = Debug|iPhoneSimulator
		{D7F02953-A2A4-47D5-82E0-E7FEC3A36667}.Debug|x64.ActiveCfg = Debug|iPhone
		{D7F02953-A2A4-47D5-82E0-E7FEC3A36667}.Debug|x86.ActiveCfg = Debug|iPhone
		{D7F02953-A2A4-47D5-82E0-E7FEC3A36667}.Release|Any CPU.ActiveCfg = Release|iPhone
		{D7F02953-A2A4-47D5-82E0-E7FEC3A36667}.Release|ARM.ActiveCfg = Release|iPhone
		{D7F02953-A2A4-47D5-82E0-E7FEC3A36667}.Release|iPhone.ActiveCfg = Release|iPhone
		{D7F02953-A2A4-47D5-82E0-E7FEC3A36667}.Release|iPhone.Build.0 = Release|iPhone
		{D7F02953-A2A4-47D5-82E0-E7FEC3A36667}.Release|iPhoneSimulator.ActiveCfg = Release|iPhoneSimulator
		{D7F02953-A2A4-47D5-82E0-E7FEC3A36667}.Release|iPhoneSimulator.Build.0 = Release|iPhoneSimulator
		{D7F02953-A2A4-47D5-82E0-E7FEC3A36667}.Release|x64.ActiveCfg = Release|iPhone
		{D7F02953-A2A4-47D5-82E0-E7FEC3A36667}.Release|x86.ActiveCfg = Release|iPhone
		{BECB24BF-C7EA-478B-9EC9-DC9DF4947982}.Ad-Hoc|Any CPU.ActiveCfg = Debug|Any CPU
		{BECB24BF-C7EA-478B-9EC9-DC9DF4947982}.Ad-Hoc|Any CPU.Build.0 = Debug|Any CPU
		{BECB24BF-C7EA-478B-9EC9-DC9DF4947982}.Ad-Hoc|ARM.ActiveCfg = Debug|Any CPU
		{BECB24BF-C7EA-478B-9EC9-DC9DF4947982}.Ad-Hoc|ARM.Build.0 = Debug|Any CPU
		{BECB24BF-C7EA-478B-9EC9-DC9DF4947982}.Ad-Hoc|iPhone.ActiveCfg = Debug|Any CPU
		{BECB24BF-C7EA-478B-9EC9-DC9DF4947982}.Ad-Hoc|iPhone.Build.0 = Debug|Any CPU
		{BECB24BF-C7EA-478B-9EC9-DC9DF4947982}.Ad-Hoc|iPhoneSimulator.ActiveCfg = Debug|Any CPU
		{BECB24BF-C7EA-478B-9EC9-DC9DF4947982}.Ad-Hoc|iPhoneSimulator.Build.0 = Debug|Any CPU
		{BECB24BF-C7EA-478B-9EC9-DC9DF4947982}.Ad-Hoc|x64.ActiveCfg = Debug|Any CPU
		{BECB24BF-C7EA-478B-9EC9-DC9DF4947982}.Ad-Hoc|x64.Build.0 = Debug|Any CPU
		{BECB24BF-C7EA-478B-9EC9-DC9DF4947982}.Ad-Hoc|x86.ActiveCfg = Debug|Any CPU
		{BECB24BF-C7EA-478B-9EC9-DC9DF4947982}.Ad-Hoc|x86.Build.0 = Debug|Any CPU
		{BECB24BF-C7EA-478B-9EC9-DC9DF4947982}.AppStore|Any CPU.ActiveCfg = Debug|Any CPU
		{BECB24BF-C7EA-478B-9EC9-DC9DF4947982}.AppStore|Any CPU.Build.0 = Debug|Any CPU
		{BECB24BF-C7EA-478B-9EC9-DC9DF4947982}.AppStore|ARM.ActiveCfg = Debug|Any CPU
		{BECB24BF-C7EA-478B-9EC9-DC9DF4947982}.AppStore|ARM.Build.0 = Debug|Any CPU
		{BECB24BF-C7EA-478B-9EC9-DC9DF4947982}.AppStore|iPhone.ActiveCfg = Debug|Any CPU
		{BECB24BF-C7EA-478B-9EC9-DC9DF4947982}.AppStore|iPhone.Build.0 = Debug|Any CPU
		{BECB24BF-C7EA-478B-9EC9-DC9DF4947982}.AppStore|iPhoneSimulator.ActiveCfg = Debug|Any CPU
		{BECB24BF-C7EA-478B-9EC9-DC9DF4947982}.AppStore|iPhoneSimulator.Build.0 = Debug|Any CPU
		{BECB24BF-C7EA-478B-9EC9-DC9DF4947982}.AppStore|x64.ActiveCfg = Debug|Any CPU
		{BECB24BF-C7EA-478B-9EC9-DC9DF4947982}.AppStore|x64.Build.0 = Debug|Any CPU
		{BECB24BF-C7EA-478B-9EC9-DC9DF4947982}.AppStore|x86.ActiveCfg = Debug|Any CPU
		{BECB24BF-C7EA-478B-9EC9-DC9DF4947982}.AppStore|x86.Build.0 = Debug|Any CPU
		{BECB24BF-C7EA-478B-9EC9-DC9DF4947982}.Debug|Any CPU.ActiveCfg = Debug|Any CPU
		{BECB24BF-C7EA-478B-9EC9-DC9DF4947982}.Debug|Any CPU.Build.0 = Debug|Any CPU
		{BECB24BF-C7EA-478B-9EC9-DC9DF4947982}.Debug|ARM.ActiveCfg = Debug|Any CPU
		{BECB24BF-C7EA-478B-9EC9-DC9DF4947982}.Debug|ARM.Build.0 = Debug|Any CPU
		{BECB24BF-C7EA-478B-9EC9-DC9DF4947982}.Debug|iPhone.ActiveCfg = Debug|Any CPU
		{BECB24BF-C7EA-478B-9EC9-DC9DF4947982}.Debug|iPhone.Build.0 = Debug|Any CPU
		{BECB24BF-C7EA-478B-9EC9-DC9DF4947982}.Debug|iPhoneSimulator.ActiveCfg = Debug|Any CPU
		{BECB24BF-C7EA-478B-9EC9-DC9DF4947982}.Debug|iPhoneSimulator.Build.0 = Debug|Any CPU
		{BECB24BF-C7EA-478B-9EC9-DC9DF4947982}.Debug|x64.ActiveCfg = Debug|Any CPU
		{BECB24BF-C7EA-478B-9EC9-DC9DF4947982}.Debug|x64.Build.0 = Debug|Any CPU
		{BECB24BF-C7EA-478B-9EC9-DC9DF4947982}.Debug|x86.ActiveCfg = Debug|Any CPU
		{BECB24BF-C7EA-478B-9EC9-DC9DF4947982}.Debug|x86.Build.0 = Debug|Any CPU
		{BECB24BF-C7EA-478B-9EC9-DC9DF4947982}.Release|Any CPU.ActiveCfg = Release|Any CPU
		{BECB24BF-C7EA-478B-9EC9-DC9DF4947982}.Release|Any CPU.Build.0 = Release|Any CPU
		{BECB24BF-C7EA-478B-9EC9-DC9DF4947982}.Release|ARM.ActiveCfg = Release|Any CPU
		{BECB24BF-C7EA-478B-9EC9-DC9DF4947982}.Release|ARM.Build.0 = Release|Any CPU
		{BECB24BF-C7EA-478B-9EC9-DC9DF4947982}.Release|iPhone.ActiveCfg = Release|Any CPU
		{BECB24BF-C7EA-478B-9EC9-DC9DF4947982}.Release|iPhone.Build.0 = Release|Any CPU
		{BECB24BF-C7EA-478B-9EC9-DC9DF4947982}.Release|iPhoneSimulator.ActiveCfg = Release|Any CPU
		{BECB24BF-C7EA-478B-9EC9-DC9DF4947982}.Release|iPhoneSimulator.Build.0 = Release|Any CPU
		{BECB24BF-C7EA-478B-9EC9-DC9DF4947982}.Release|x64.ActiveCfg = Release|Any CPU
		{BECB24BF-C7EA-478B-9EC9-DC9DF4947982}.Release|x64.Build.0 = Release|Any CPU
		{BECB24BF-C7EA-478B-9EC9-DC9DF4947982}.Release|x86.ActiveCfg = Release|Any CPU
		{BECB24BF-C7EA-478B-9EC9-DC9DF4947982}.Release|x86.Build.0 = Release|Any CPU
	EndGlobalSection
	GlobalSection(SolutionProperties) = preSolution
		HideSolutionNode = FALSE
	EndGlobalSection
EndGlobal
